// !$*UTF8*$!
{
	archiveVersion = 1;
	classes = {
	};
	objectVersion = 50;
	objects = {

/* Begin PBXBuildFile section */
		270F01385BBB60DDC476B716 /* Pods_ARB.framework in Frameworks */ = {isa = PBXBuildFile; fileRef = E9680F6919D811D95149C842 /* Pods_ARB.framework */; };
		291EB9F32202E820003CA1C6 /* GoogleService-Info.plist in Resources */ = {isa = PBXBuildFile; fileRef = 291EB9F22202E820003CA1C6 /* GoogleService-Info.plist */; };
		2921BCCC22014F1600E20B2D /* SignInVC.swift in Sources */ = {isa = PBXBuildFile; fileRef = 2921BCCB22014F1600E20B2D /* SignInVC.swift */; };
		2921BCCE22014F5100E20B2D /* LogInVC.swift in Sources */ = {isa = PBXBuildFile; fileRef = 2921BCCD22014F5100E20B2D /* LogInVC.swift */; };
		2921BCD222014FAD00E20B2D /* Reset.swift in Sources */ = {isa = PBXBuildFile; fileRef = 2921BCD122014FAD00E20B2D /* Reset.swift */; };
		2921BCD72201E86A00E20B2D /* OnbordingContainerVC.swift in Sources */ = {isa = PBXBuildFile; fileRef = 2921BCD62201E86A00E20B2D /* OnbordingContainerVC.swift */; };
		2925F501220A9CBF004523F9 /* WalkThroughPageViewController.swift in Sources */ = {isa = PBXBuildFile; fileRef = 2925F500220A9CBF004523F9 /* WalkThroughPageViewController.swift */; };
		2925F504220AAF14004523F9 /* walkThroughViewController.swift in Sources */ = {isa = PBXBuildFile; fileRef = 2925F503220AAF14004523F9 /* walkThroughViewController.swift */; };
		2945BD8422113559006AB2A4 /* AppDelegate.swift in Sources */ = {isa = PBXBuildFile; fileRef = 2945BD8322113559006AB2A4 /* AppDelegate.swift */; };
		296DF01321FED97C003C8A81 /* art.scnassets in Resources */ = {isa = PBXBuildFile; fileRef = 296DF01221FED97C003C8A81 /* art.scnassets */; };
		296DF01521FED97C003C8A81 /* ViewController.swift in Sources */ = {isa = PBXBuildFile; fileRef = 296DF01421FED97C003C8A81 /* ViewController.swift */; };
		296DF01821FED97C003C8A81 /* Main.storyboard in Resources */ = {isa = PBXBuildFile; fileRef = 296DF01621FED97C003C8A81 /* Main.storyboard */; };
		296DF01A21FED97F003C8A81 /* Assets.xcassets in Resources */ = {isa = PBXBuildFile; fileRef = 296DF01921FED97F003C8A81 /* Assets.xcassets */; };
		296DF01D21FED97F003C8A81 /* LaunchScreen.storyboard in Resources */ = {isa = PBXBuildFile; fileRef = 296DF01B21FED97F003C8A81 /* LaunchScreen.storyboard */; };
		296DF02821FED97F003C8A81 /* ARBTests.swift in Sources */ = {isa = PBXBuildFile; fileRef = 296DF02721FED97F003C8A81 /* ARBTests.swift */; };
		296DF03321FED97F003C8A81 /* ARBUITests.swift in Sources */ = {isa = PBXBuildFile; fileRef = 296DF03221FED97F003C8A81 /* ARBUITests.swift */; };
		29774AC62202BAA5003666CF /* AJProgressView.swift in Sources */ = {isa = PBXBuildFile; fileRef = 29774AC52202BAA5003666CF /* AJProgressView.swift */; };
		29B9BCF822103E3600C9ECCF /* HideButtons.xib in Resources */ = {isa = PBXBuildFile; fileRef = 29B9BCF722103E3600C9ECCF /* HideButtons.xib */; };
		42434FD7C5B3E75CB3B3B231 /* Pods_ARBUITests.framework in Frameworks */ = {isa = PBXBuildFile; fileRef = B6791D920C95A22B4F0AA579 /* Pods_ARBUITests.framework */; };
		52ED0F4351B31DCD63565855 /* Pods_ARBTests.framework in Frameworks */ = {isa = PBXBuildFile; fileRef = 79D19C5488CD87CE94AC5162 /* Pods_ARBTests.framework */; };
/* End PBXBuildFile section */

/* Begin PBXContainerItemProxy section */
		296DF02421FED97F003C8A81 /* PBXContainerItemProxy */ = {
			isa = PBXContainerItemProxy;
			containerPortal = 296DF00521FED97C003C8A81 /* Project object */;
			proxyType = 1;
			remoteGlobalIDString = 296DF00C21FED97C003C8A81;
			remoteInfo = ARB;
		};
		296DF02F21FED97F003C8A81 /* PBXContainerItemProxy */ = {
			isa = PBXContainerItemProxy;
			containerPortal = 296DF00521FED97C003C8A81 /* Project object */;
			proxyType = 1;
			remoteGlobalIDString = 296DF00C21FED97C003C8A81;
			remoteInfo = ARB;
		};
/* End PBXContainerItemProxy section */

/* Begin PBXFileReference section */
		291EB9F22202E820003CA1C6 /* GoogleService-Info.plist */ = {isa = PBXFileReference; fileEncoding = 4; lastKnownFileType = text.plist.xml; path = "GoogleService-Info.plist"; sourceTree = "<group>"; };
		2921BCCB22014F1600E20B2D /* SignInVC.swift */ = {isa = PBXFileReference; lastKnownFileType = sourcecode.swift; path = SignInVC.swift; sourceTree = "<group>"; };
		2921BCCD22014F5100E20B2D /* LogInVC.swift */ = {isa = PBXFileReference; lastKnownFileType = sourcecode.swift; path = LogInVC.swift; sourceTree = "<group>"; };
		2921BCD122014FAD00E20B2D /* Reset.swift */ = {isa = PBXFileReference; lastKnownFileType = sourcecode.swift; path = Reset.swift; sourceTree = "<group>"; };
		2921BCD62201E86A00E20B2D /* OnbordingContainerVC.swift */ = {isa = PBXFileReference; lastKnownFileType = sourcecode.swift; path = OnbordingContainerVC.swift; sourceTree = "<group>"; };
		2925F500220A9CBF004523F9 /* WalkThroughPageViewController.swift */ = {isa = PBXFileReference; lastKnownFileType = sourcecode.swift; path = WalkThroughPageViewController.swift; sourceTree = "<group>"; };
		2925F503220AAF14004523F9 /* walkThroughViewController.swift */ = {isa = PBXFileReference; lastKnownFileType = sourcecode.swift; path = walkThroughViewController.swift; sourceTree = "<group>"; };
		2945BD8322113559006AB2A4 /* AppDelegate.swift */ = {isa = PBXFileReference; lastKnownFileType = sourcecode.swift; path = AppDelegate.swift; sourceTree = "<group>"; };
		296DF00D21FED97C003C8A81 /* ARB.app */ = {isa = PBXFileReference; explicitFileType = wrapper.application; includeInIndex = 0; path = ARB.app; sourceTree = BUILT_PRODUCTS_DIR; };
		296DF01221FED97C003C8A81 /* art.scnassets */ = {isa = PBXFileReference; lastKnownFileType = wrapper.scnassets; path = art.scnassets; sourceTree = "<group>"; };
		296DF01421FED97C003C8A81 /* ViewController.swift */ = {isa = PBXFileReference; lastKnownFileType = sourcecode.swift; path = ViewController.swift; sourceTree = "<group>"; };
		296DF01721FED97C003C8A81 /* Base */ = {isa = PBXFileReference; lastKnownFileType = file.storyboard; name = Base; path = Base.lproj/Main.storyboard; sourceTree = "<group>"; };
		296DF01921FED97F003C8A81 /* Assets.xcassets */ = {isa = PBXFileReference; lastKnownFileType = folder.assetcatalog; path = Assets.xcassets; sourceTree = "<group>"; };
		296DF01C21FED97F003C8A81 /* Base */ = {isa = PBXFileReference; lastKnownFileType = file.storyboard; name = Base; path = Base.lproj/LaunchScreen.storyboard; sourceTree = "<group>"; };
		296DF01E21FED97F003C8A81 /* Info.plist */ = {isa = PBXFileReference; lastKnownFileType = text.plist.xml; path = Info.plist; sourceTree = "<group>"; };
		296DF02321FED97F003C8A81 /* ARBTests.xctest */ = {isa = PBXFileReference; explicitFileType = wrapper.cfbundle; includeInIndex = 0; path = ARBTests.xctest; sourceTree = BUILT_PRODUCTS_DIR; };
		296DF02721FED97F003C8A81 /* ARBTests.swift */ = {isa = PBXFileReference; lastKnownFileType = sourcecode.swift; path = ARBTests.swift; sourceTree = "<group>"; };
		296DF02921FED97F003C8A81 /* Info.plist */ = {isa = PBXFileReference; lastKnownFileType = text.plist.xml; path = Info.plist; sourceTree = "<group>"; };
		296DF02E21FED97F003C8A81 /* ARBUITests.xctest */ = {isa = PBXFileReference; explicitFileType = wrapper.cfbundle; includeInIndex = 0; path = ARBUITests.xctest; sourceTree = BUILT_PRODUCTS_DIR; };
		296DF03221FED97F003C8A81 /* ARBUITests.swift */ = {isa = PBXFileReference; lastKnownFileType = sourcecode.swift; path = ARBUITests.swift; sourceTree = "<group>"; };
		296DF03421FED97F003C8A81 /* Info.plist */ = {isa = PBXFileReference; lastKnownFileType = text.plist.xml; path = Info.plist; sourceTree = "<group>"; };
		29774AC52202BAA5003666CF /* AJProgressView.swift */ = {isa = PBXFileReference; fileEncoding = 4; lastKnownFileType = sourcecode.swift; path = AJProgressView.swift; sourceTree = "<group>"; };
		29B9BCF722103E3600C9ECCF /* HideButtons.xib */ = {isa = PBXFileReference; lastKnownFileType = file.xib; path = HideButtons.xib; sourceTree = "<group>"; };
		3582A9F83C59C61DB67FBF5A /* Pods-ARBUITests.debug.xcconfig */ = {isa = PBXFileReference; includeInIndex = 1; lastKnownFileType = text.xcconfig; name = "Pods-ARBUITests.debug.xcconfig"; path = "Pods/Target Support Files/Pods-ARBUITests/Pods-ARBUITests.debug.xcconfig"; sourceTree = "<group>"; };
		79D19C5488CD87CE94AC5162 /* Pods_ARBTests.framework */ = {isa = PBXFileReference; explicitFileType = wrapper.framework; includeInIndex = 0; path = Pods_ARBTests.framework; sourceTree = BUILT_PRODUCTS_DIR; };
		A5B9F74895EEFEA189433518 /* Pods-ARB.debug.xcconfig */ = {isa = PBXFileReference; includeInIndex = 1; lastKnownFileType = text.xcconfig; name = "Pods-ARB.debug.xcconfig"; path = "Pods/Target Support Files/Pods-ARB/Pods-ARB.debug.xcconfig"; sourceTree = "<group>"; };
		A698F9138759A541D3DFAEBD /* Pods-ARBTests.release.xcconfig */ = {isa = PBXFileReference; includeInIndex = 1; lastKnownFileType = text.xcconfig; name = "Pods-ARBTests.release.xcconfig"; path = "Pods/Target Support Files/Pods-ARBTests/Pods-ARBTests.release.xcconfig"; sourceTree = "<group>"; };
		B6791D920C95A22B4F0AA579 /* Pods_ARBUITests.framework */ = {isa = PBXFileReference; explicitFileType = wrapper.framework; includeInIndex = 0; path = Pods_ARBUITests.framework; sourceTree = BUILT_PRODUCTS_DIR; };
		B91D8C1C46E945C5E3281B85 /* Pods-ARB.release.xcconfig */ = {isa = PBXFileReference; includeInIndex = 1; lastKnownFileType = text.xcconfig; name = "Pods-ARB.release.xcconfig"; path = "Pods/Target Support Files/Pods-ARB/Pods-ARB.release.xcconfig"; sourceTree = "<group>"; };
		BC2F25766F96648877AE2CDA /* Pods-ARBUITests.release.xcconfig */ = {isa = PBXFileReference; includeInIndex = 1; lastKnownFileType = text.xcconfig; name = "Pods-ARBUITests.release.xcconfig"; path = "Pods/Target Support Files/Pods-ARBUITests/Pods-ARBUITests.release.xcconfig"; sourceTree = "<group>"; };
		C111C63F99E18568BD51F08E /* Pods-ARBTests.debug.xcconfig */ = {isa = PBXFileReference; includeInIndex = 1; lastKnownFileType = text.xcconfig; name = "Pods-ARBTests.debug.xcconfig"; path = "Pods/Target Support Files/Pods-ARBTests/Pods-ARBTests.debug.xcconfig"; sourceTree = "<group>"; };
		E9680F6919D811D95149C842 /* Pods_ARB.framework */ = {isa = PBXFileReference; explicitFileType = wrapper.framework; includeInIndex = 0; path = Pods_ARB.framework; sourceTree = BUILT_PRODUCTS_DIR; };
/* End PBXFileReference section */

/* Begin PBXFrameworksBuildPhase section */
		296DF00A21FED97C003C8A81 /* Frameworks */ = {
			isa = PBXFrameworksBuildPhase;
			buildActionMask = 2147483647;
			files = (
				270F01385BBB60DDC476B716 /* Pods_ARB.framework in Frameworks */,
			);
			runOnlyForDeploymentPostprocessing = 0;
		};
		296DF02021FED97F003C8A81 /* Frameworks */ = {
			isa = PBXFrameworksBuildPhase;
			buildActionMask = 2147483647;
			files = (
				52ED0F4351B31DCD63565855 /* Pods_ARBTests.framework in Frameworks */,
			);
			runOnlyForDeploymentPostprocessing = 0;
		};
		296DF02B21FED97F003C8A81 /* Frameworks */ = {
			isa = PBXFrameworksBuildPhase;
			buildActionMask = 2147483647;
			files = (
				42434FD7C5B3E75CB3B3B231 /* Pods_ARBUITests.framework in Frameworks */,
			);
			runOnlyForDeploymentPostprocessing = 0;
		};
/* End PBXFrameworksBuildPhase section */

/* Begin PBXGroup section */
		2912C06621FF0E0200A8C5CC /* Authantication */ = {
			isa = PBXGroup;
			children = (
				2921BCCB22014F1600E20B2D /* SignInVC.swift */,
				2921BCCD22014F5100E20B2D /* LogInVC.swift */,
				2921BCD122014FAD00E20B2D /* Reset.swift */,
			);
			path = Authantication;
			sourceTree = "<group>";
		};
		2921BCD3220171B300E20B2D /* Onbording */ = {
			isa = PBXGroup;
			children = (
				2921BCD62201E86A00E20B2D /* OnbordingContainerVC.swift */,
				2925F500220A9CBF004523F9 /* WalkThroughPageViewController.swift */,
				2925F502220AAED4004523F9 /* Controlling */,
			);
			path = Onbording;
			sourceTree = "<group>";
		};
		2925CEA4220D6FFD008BBF45 /* iphone 3d model */ = {
			isa = PBXGroup;
			children = (
			);
			path = "iphone 3d model";
			sourceTree = "<group>";
		};
		2925F502220AAED4004523F9 /* Controlling */ = {
			isa = PBXGroup;
			children = (
				2925F503220AAF14004523F9 /* walkThroughViewController.swift */,
			);
			path = Controlling;
			sourceTree = "<group>";
		};
		296DF00421FED97C003C8A81 = {
			isa = PBXGroup;
			children = (
				296DF00F21FED97C003C8A81 /* ARB */,
				296DF02621FED97F003C8A81 /* ARBTests */,
				296DF03121FED97F003C8A81 /* ARBUITests */,
				296DF00E21FED97C003C8A81 /* Products */,
				7A58D1551A3F272A8ED92724 /* Pods */,
				5B3D3F09D0562433E3117D94 /* Frameworks */,
			);
			sourceTree = "<group>";
		};
		296DF00E21FED97C003C8A81 /* Products */ = {
			isa = PBXGroup;
			children = (
				296DF00D21FED97C003C8A81 /* ARB.app */,
				296DF02321FED97F003C8A81 /* ARBTests.xctest */,
				296DF02E21FED97F003C8A81 /* ARBUITests.xctest */,
			);
			name = Products;
			sourceTree = "<group>";
		};
		296DF00F21FED97C003C8A81 /* ARB */ = {
			isa = PBXGroup;
			children = (
				2925CEA4220D6FFD008BBF45 /* iphone 3d model */,
				29774AC42202BA56003666CF /* ActivityIndicator */,
				2921BCD3220171B300E20B2D /* Onbording */,
				2912C06621FF0E0200A8C5CC /* Authantication */,
				296DF01221FED97C003C8A81 /* art.scnassets */,
				296DF01421FED97C003C8A81 /* ViewController.swift */,
				2945BD8322113559006AB2A4 /* AppDelegate.swift */,
				296DF01621FED97C003C8A81 /* Main.storyboard */,
				29B9BCF722103E3600C9ECCF /* HideButtons.xib */,
				296DF01921FED97F003C8A81 /* Assets.xcassets */,
				296DF01B21FED97F003C8A81 /* LaunchScreen.storyboard */,
				296DF01E21FED97F003C8A81 /* Info.plist */,
				291EB9F22202E820003CA1C6 /* GoogleService-Info.plist */,
			);
			path = ARB;
			sourceTree = "<group>";
		};
		296DF02621FED97F003C8A81 /* ARBTests */ = {
			isa = PBXGroup;
			children = (
				296DF02721FED97F003C8A81 /* ARBTests.swift */,
				296DF02921FED97F003C8A81 /* Info.plist */,
			);
			path = ARBTests;
			sourceTree = "<group>";
		};
		296DF03121FED97F003C8A81 /* ARBUITests */ = {
			isa = PBXGroup;
			children = (
				296DF03221FED97F003C8A81 /* ARBUITests.swift */,
				296DF03421FED97F003C8A81 /* Info.plist */,
			);
			path = ARBUITests;
			sourceTree = "<group>";
		};
		29774AC42202BA56003666CF /* ActivityIndicator */ = {
			isa = PBXGroup;
			children = (
				29774AC52202BAA5003666CF /* AJProgressView.swift */,
			);
			path = ActivityIndicator;
			sourceTree = "<group>";
		};
		5B3D3F09D0562433E3117D94 /* Frameworks */ = {
			isa = PBXGroup;
			children = (
				E9680F6919D811D95149C842 /* Pods_ARB.framework */,
				79D19C5488CD87CE94AC5162 /* Pods_ARBTests.framework */,
				B6791D920C95A22B4F0AA579 /* Pods_ARBUITests.framework */,
			);
			name = Frameworks;
			sourceTree = "<group>";
		};
		7A58D1551A3F272A8ED92724 /* Pods */ = {
			isa = PBXGroup;
			children = (
				A5B9F74895EEFEA189433518 /* Pods-ARB.debug.xcconfig */,
				B91D8C1C46E945C5E3281B85 /* Pods-ARB.release.xcconfig */,
				C111C63F99E18568BD51F08E /* Pods-ARBTests.debug.xcconfig */,
				A698F9138759A541D3DFAEBD /* Pods-ARBTests.release.xcconfig */,
				3582A9F83C59C61DB67FBF5A /* Pods-ARBUITests.debug.xcconfig */,
				BC2F25766F96648877AE2CDA /* Pods-ARBUITests.release.xcconfig */,
			);
			name = Pods;
			sourceTree = "<group>";
		};
/* End PBXGroup section */

/* Begin PBXNativeTarget section */
		296DF00C21FED97C003C8A81 /* ARB */ = {
			isa = PBXNativeTarget;
			buildConfigurationList = 296DF03721FED97F003C8A81 /* Build configuration list for PBXNativeTarget "ARB" */;
			buildPhases = (
				131DDC8B698ACD78060E038D /* [CP] Check Pods Manifest.lock */,
				296DF00921FED97C003C8A81 /* Sources */,
				296DF00A21FED97C003C8A81 /* Frameworks */,
				296DF00B21FED97C003C8A81 /* Resources */,
				DA13C7CB180BBFA6D0215A5A /* [CP] Embed Pods Frameworks */,
				15066152D8111EF6C77139DF /* [CP] Copy Pods Resources */,
			);
			buildRules = (
			);
			dependencies = (
			);
			name = ARB;
			productName = ARB;
			productReference = 296DF00D21FED97C003C8A81 /* ARB.app */;
			productType = "com.apple.product-type.application";
		};
		296DF02221FED97F003C8A81 /* ARBTests */ = {
			isa = PBXNativeTarget;
			buildConfigurationList = 296DF03A21FED97F003C8A81 /* Build configuration list for PBXNativeTarget "ARBTests" */;
			buildPhases = (
				7ACF67ED64B01106622B0A41 /* [CP] Check Pods Manifest.lock */,
				296DF01F21FED97F003C8A81 /* Sources */,
				296DF02021FED97F003C8A81 /* Frameworks */,
				296DF02121FED97F003C8A81 /* Resources */,
			);
			buildRules = (
			);
			dependencies = (
				296DF02521FED97F003C8A81 /* PBXTargetDependency */,
			);
			name = ARBTests;
			productName = ARBTests;
			productReference = 296DF02321FED97F003C8A81 /* ARBTests.xctest */;
			productType = "com.apple.product-type.bundle.unit-test";
		};
		296DF02D21FED97F003C8A81 /* ARBUITests */ = {
			isa = PBXNativeTarget;
			buildConfigurationList = 296DF03D21FED97F003C8A81 /* Build configuration list for PBXNativeTarget "ARBUITests" */;
			buildPhases = (
				C12192C4B200789FF82B7A0A /* [CP] Check Pods Manifest.lock */,
				296DF02A21FED97F003C8A81 /* Sources */,
				296DF02B21FED97F003C8A81 /* Frameworks */,
				296DF02C21FED97F003C8A81 /* Resources */,
			);
			buildRules = (
			);
			dependencies = (
				296DF03021FED97F003C8A81 /* PBXTargetDependency */,
			);
			name = ARBUITests;
			productName = ARBUITests;
			productReference = 296DF02E21FED97F003C8A81 /* ARBUITests.xctest */;
			productType = "com.apple.product-type.bundle.ui-testing";
		};
/* End PBXNativeTarget section */

/* Begin PBXProject section */
		296DF00521FED97C003C8A81 /* Project object */ = {
			isa = PBXProject;
			attributes = {
				LastSwiftUpdateCheck = 1010;
				LastUpgradeCheck = 1010;
				ORGANIZATIONNAME = "Madushan Senavirathna";
				TargetAttributes = {
					296DF00C21FED97C003C8A81 = {
						CreatedOnToolsVersion = 10.1;
						LastSwiftMigration = 1010;
					};
					296DF02221FED97F003C8A81 = {
						CreatedOnToolsVersion = 10.1;
						TestTargetID = 296DF00C21FED97C003C8A81;
					};
					296DF02D21FED97F003C8A81 = {
						CreatedOnToolsVersion = 10.1;
						TestTargetID = 296DF00C21FED97C003C8A81;
					};
				};
			};
			buildConfigurationList = 296DF00821FED97C003C8A81 /* Build configuration list for PBXProject "ARB" */;
			compatibilityVersion = "Xcode 9.3";
			developmentRegion = en;
			hasScannedForEncodings = 0;
			knownRegions = (
				en,
				Base,
			);
			mainGroup = 296DF00421FED97C003C8A81;
			productRefGroup = 296DF00E21FED97C003C8A81 /* Products */;
			projectDirPath = "";
			projectRoot = "";
			targets = (
				296DF00C21FED97C003C8A81 /* ARB */,
				296DF02221FED97F003C8A81 /* ARBTests */,
				296DF02D21FED97F003C8A81 /* ARBUITests */,
			);
		};
/* End PBXProject section */

/* Begin PBXResourcesBuildPhase section */
		296DF00B21FED97C003C8A81 /* Resources */ = {
			isa = PBXResourcesBuildPhase;
			buildActionMask = 2147483647;
			files = (
				296DF01321FED97C003C8A81 /* art.scnassets in Resources */,
				296DF01D21FED97F003C8A81 /* LaunchScreen.storyboard in Resources */,
				291EB9F32202E820003CA1C6 /* GoogleService-Info.plist in Resources */,
				29B9BCF822103E3600C9ECCF /* HideButtons.xib in Resources */,
				296DF01A21FED97F003C8A81 /* Assets.xcassets in Resources */,
				296DF01821FED97C003C8A81 /* Main.storyboard in Resources */,
			);
			runOnlyForDeploymentPostprocessing = 0;
		};
		296DF02121FED97F003C8A81 /* Resources */ = {
			isa = PBXResourcesBuildPhase;
			buildActionMask = 2147483647;
			files = (
			);
			runOnlyForDeploymentPostprocessing = 0;
		};
		296DF02C21FED97F003C8A81 /* Resources */ = {
			isa = PBXResourcesBuildPhase;
			buildActionMask = 2147483647;
			files = (
			);
			runOnlyForDeploymentPostprocessing = 0;
		};
/* End PBXResourcesBuildPhase section */

/* Begin PBXShellScriptBuildPhase section */
		131DDC8B698ACD78060E038D /* [CP] Check Pods Manifest.lock */ = {
			isa = PBXShellScriptBuildPhase;
			buildActionMask = 2147483647;
			files = (
			);
			inputFileListPaths = (
			);
			inputPaths = (
				"${PODS_PODFILE_DIR_PATH}/Podfile.lock",
				"${PODS_ROOT}/Manifest.lock",
			);
			name = "[CP] Check Pods Manifest.lock";
			outputFileListPaths = (
			);
			outputPaths = (
				"$(DERIVED_FILE_DIR)/Pods-ARB-checkManifestLockResult.txt",
			);
			runOnlyForDeploymentPostprocessing = 0;
			shellPath = /bin/sh;
			shellScript = "diff \"${PODS_PODFILE_DIR_PATH}/Podfile.lock\" \"${PODS_ROOT}/Manifest.lock\" > /dev/null\nif [ $? != 0 ] ; then\n    # print error to STDERR\n    echo \"error: The sandbox is not in sync with the Podfile.lock. Run 'pod install' or update your CocoaPods installation.\" >&2\n    exit 1\nfi\n# This output is used by Xcode 'outputs' to avoid re-running this script phase.\necho \"SUCCESS\" > \"${SCRIPT_OUTPUT_FILE_0}\"\n";
			showEnvVarsInLog = 0;
		};
		15066152D8111EF6C77139DF /* [CP] Copy Pods Resources */ = {
			isa = PBXShellScriptBuildPhase;
			buildActionMask = 2147483647;
			files = (
			);
			inputFileListPaths = (
			);
			inputPaths = (
				"${SRCROOT}/Pods/Target Support Files/Pods-ARB/Pods-ARB-resources.sh",
				"${PODS_ROOT}/GoogleSignIn/Resources/GoogleSignIn.bundle",
			);
			name = "[CP] Copy Pods Resources";
			outputFileListPaths = (
			);
			outputPaths = (
				"${TARGET_BUILD_DIR}/${UNLOCALIZED_RESOURCES_FOLDER_PATH}/GoogleSignIn.bundle",
			);
			runOnlyForDeploymentPostprocessing = 0;
			shellPath = /bin/sh;
			shellScript = "\"${SRCROOT}/Pods/Target Support Files/Pods-ARB/Pods-ARB-resources.sh\"\n";
			showEnvVarsInLog = 0;
		};
		7ACF67ED64B01106622B0A41 /* [CP] Check Pods Manifest.lock */ = {
			isa = PBXShellScriptBuildPhase;
			buildActionMask = 2147483647;
			files = (
			);
			inputFileListPaths = (
			);
			inputPaths = (
				"${PODS_PODFILE_DIR_PATH}/Podfile.lock",
				"${PODS_ROOT}/Manifest.lock",
			);
			name = "[CP] Check Pods Manifest.lock";
			outputFileListPaths = (
			);
			outputPaths = (
				"$(DERIVED_FILE_DIR)/Pods-ARBTests-checkManifestLockResult.txt",
			);
			runOnlyForDeploymentPostprocessing = 0;
			shellPath = /bin/sh;
			shellScript = "diff \"${PODS_PODFILE_DIR_PATH}/Podfile.lock\" \"${PODS_ROOT}/Manifest.lock\" > /dev/null\nif [ $? != 0 ] ; then\n    # print error to STDERR\n    echo \"error: The sandbox is not in sync with the Podfile.lock. Run 'pod install' or update your CocoaPods installation.\" >&2\n    exit 1\nfi\n# This output is used by Xcode 'outputs' to avoid re-running this script phase.\necho \"SUCCESS\" > \"${SCRIPT_OUTPUT_FILE_0}\"\n";
			showEnvVarsInLog = 0;
		};
		C12192C4B200789FF82B7A0A /* [CP] Check Pods Manifest.lock */ = {
			isa = PBXShellScriptBuildPhase;
			buildActionMask = 2147483647;
			files = (
			);
			inputFileListPaths = (
			);
			inputPaths = (
				"${PODS_PODFILE_DIR_PATH}/Podfile.lock",
				"${PODS_ROOT}/Manifest.lock",
			);
			name = "[CP] Check Pods Manifest.lock";
			outputFileListPaths = (
			);
			outputPaths = (
				"$(DERIVED_FILE_DIR)/Pods-ARBUITests-checkManifestLockResult.txt",
			);
			runOnlyForDeploymentPostprocessing = 0;
			shellPath = /bin/sh;
			shellScript = "diff \"${PODS_PODFILE_DIR_PATH}/Podfile.lock\" \"${PODS_ROOT}/Manifest.lock\" > /dev/null\nif [ $? != 0 ] ; then\n    # print error to STDERR\n    echo \"error: The sandbox is not in sync with the Podfile.lock. Run 'pod install' or update your CocoaPods installation.\" >&2\n    exit 1\nfi\n# This output is used by Xcode 'outputs' to avoid re-running this script phase.\necho \"SUCCESS\" > \"${SCRIPT_OUTPUT_FILE_0}\"\n";
			showEnvVarsInLog = 0;
		};
		DA13C7CB180BBFA6D0215A5A /* [CP] Embed Pods Frameworks */ = {
			isa = PBXShellScriptBuildPhase;
			buildActionMask = 2147483647;
			files = (
			);
			inputFileListPaths = (
			);
			inputPaths = (
				"${SRCROOT}/Pods/Target Support Files/Pods-ARB/Pods-ARB-frameworks.sh",
				"${BUILT_PRODUCTS_DIR}/GTMOAuth2/GTMOAuth2.framework",
				"${BUILT_PRODUCTS_DIR}/GTMSessionFetcher/GTMSessionFetcher.framework",
				"${BUILT_PRODUCTS_DIR}/GoogleToolboxForMac/GoogleToolboxForMac.framework",
				"${BUILT_PRODUCTS_DIR}/GoogleUtilities/GoogleUtilities.framework",
				"${BUILT_PRODUCTS_DIR}/IQKeyboardManager/IQKeyboardManager.framework",
				"${BUILT_PRODUCTS_DIR}/SwiftOverlays/SwiftOverlays.framework",
				"${BUILT_PRODUCTS_DIR}/nanopb/nanopb.framework",
			);
			name = "[CP] Embed Pods Frameworks";
			outputFileListPaths = (
			);
			outputPaths = (
				"${TARGET_BUILD_DIR}/${FRAMEWORKS_FOLDER_PATH}/GTMOAuth2.framework",
				"${TARGET_BUILD_DIR}/${FRAMEWORKS_FOLDER_PATH}/GTMSessionFetcher.framework",
				"${TARGET_BUILD_DIR}/${FRAMEWORKS_FOLDER_PATH}/GoogleToolboxForMac.framework",
				"${TARGET_BUILD_DIR}/${FRAMEWORKS_FOLDER_PATH}/GoogleUtilities.framework",
				"${TARGET_BUILD_DIR}/${FRAMEWORKS_FOLDER_PATH}/IQKeyboardManager.framework",
				"${TARGET_BUILD_DIR}/${FRAMEWORKS_FOLDER_PATH}/SwiftOverlays.framework",
				"${TARGET_BUILD_DIR}/${FRAMEWORKS_FOLDER_PATH}/nanopb.framework",
			);
			runOnlyForDeploymentPostprocessing = 0;
			shellPath = /bin/sh;
			shellScript = "\"${SRCROOT}/Pods/Target Support Files/Pods-ARB/Pods-ARB-frameworks.sh\"\n";
			showEnvVarsInLog = 0;
		};
/* End PBXShellScriptBuildPhase section */

/* Begin PBXSourcesBuildPhase section */
		296DF00921FED97C003C8A81 /* Sources */ = {
			isa = PBXSourcesBuildPhase;
			buildActionMask = 2147483647;
			files = (
				296DF01521FED97C003C8A81 /* ViewController.swift in Sources */,
				2925F501220A9CBF004523F9 /* WalkThroughPageViewController.swift in Sources */,
				29774AC62202BAA5003666CF /* AJProgressView.swift in Sources */,
				2945BD8422113559006AB2A4 /* AppDelegate.swift in Sources */,
				2921BCCE22014F5100E20B2D /* LogInVC.swift in Sources */,
				2921BCCC22014F1600E20B2D /* SignInVC.swift in Sources */,
				2925F504220AAF14004523F9 /* walkThroughViewController.swift in Sources */,
				2921BCD222014FAD00E20B2D /* Reset.swift in Sources */,
				2921BCD72201E86A00E20B2D /* OnbordingContainerVC.swift in Sources */,
			);
			runOnlyForDeploymentPostprocessing = 0;
		};
		296DF01F21FED97F003C8A81 /* Sources */ = {
			isa = PBXSourcesBuildPhase;
			buildActionMask = 2147483647;
			files = (
				296DF02821FED97F003C8A81 /* ARBTests.swift in Sources */,
			);
			runOnlyForDeploymentPostprocessing = 0;
		};
		296DF02A21FED97F003C8A81 /* Sources */ = {
			isa = PBXSourcesBuildPhase;
			buildActionMask = 2147483647;
			files = (
				296DF03321FED97F003C8A81 /* ARBUITests.swift in Sources */,
			);
			runOnlyForDeploymentPostprocessing = 0;
		};
/* End PBXSourcesBuildPhase section */

/* Begin PBXTargetDependency section */
		296DF02521FED97F003C8A81 /* PBXTargetDependency */ = {
			isa = PBXTargetDependency;
			target = 296DF00C21FED97C003C8A81 /* ARB */;
			targetProxy = 296DF02421FED97F003C8A81 /* PBXContainerItemProxy */;
		};
		296DF03021FED97F003C8A81 /* PBXTargetDependency */ = {
			isa = PBXTargetDependency;
			target = 296DF00C21FED97C003C8A81 /* ARB */;
			targetProxy = 296DF02F21FED97F003C8A81 /* PBXContainerItemProxy */;
		};
/* End PBXTargetDependency section */

/* Begin PBXVariantGroup section */
		296DF01621FED97C003C8A81 /* Main.storyboard */ = {
			isa = PBXVariantGroup;
			children = (
				296DF01721FED97C003C8A81 /* Base */,
			);
			name = Main.storyboard;
			sourceTree = "<group>";
		};
		296DF01B21FED97F003C8A81 /* LaunchScreen.storyboard */ = {
			isa = PBXVariantGroup;
			children = (
				296DF01C21FED97F003C8A81 /* Base */,
			);
			name = LaunchScreen.storyboard;
			sourceTree = "<group>";
		};
/* End PBXVariantGroup section */

/* Begin XCBuildConfiguration section */
		296DF03521FED97F003C8A81 /* Debug */ = {
			isa = XCBuildConfiguration;
			buildSettings = {
				ALWAYS_SEARCH_USER_PATHS = NO;
				CLANG_ANALYZER_NONNULL = YES;
				CLANG_ANALYZER_NUMBER_OBJECT_CONVERSION = YES_AGGRESSIVE;
				CLANG_CXX_LANGUAGE_STANDARD = "gnu++14";
				CLANG_CXX_LIBRARY = "libc++";
				CLANG_ENABLE_MODULES = YES;
				CLANG_ENABLE_OBJC_ARC = YES;
				CLANG_ENABLE_OBJC_WEAK = YES;
				CLANG_WARN_BLOCK_CAPTURE_AUTORELEASING = YES;
				CLANG_WARN_BOOL_CONVERSION = YES;
				CLANG_WARN_COMMA = YES;
				CLANG_WARN_CONSTANT_CONVERSION = YES;
				CLANG_WARN_DEPRECATED_OBJC_IMPLEMENTATIONS = YES;
				CLANG_WARN_DIRECT_OBJC_ISA_USAGE = YES_ERROR;
				CLANG_WARN_DOCUMENTATION_COMMENTS = YES;
				CLANG_WARN_EMPTY_BODY = YES;
				CLANG_WARN_ENUM_CONVERSION = YES;
				CLANG_WARN_INFINITE_RECURSION = YES;
				CLANG_WARN_INT_CONVERSION = YES;
				CLANG_WARN_NON_LITERAL_NULL_CONVERSION = YES;
				CLANG_WARN_OBJC_IMPLICIT_RETAIN_SELF = YES;
				CLANG_WARN_OBJC_LITERAL_CONVERSION = YES;
				CLANG_WARN_OBJC_ROOT_CLASS = YES_ERROR;
				CLANG_WARN_RANGE_LOOP_ANALYSIS = YES;
				CLANG_WARN_STRICT_PROTOTYPES = YES;
				CLANG_WARN_SUSPICIOUS_MOVE = YES;
				CLANG_WARN_UNGUARDED_AVAILABILITY = YES_AGGRESSIVE;
				CLANG_WARN_UNREACHABLE_CODE = YES;
				CLANG_WARN__DUPLICATE_METHOD_MATCH = YES;
				CODE_SIGN_IDENTITY = "iPhone Developer";
				COPY_PHASE_STRIP = NO;
				DEBUG_INFORMATION_FORMAT = dwarf;
				ENABLE_STRICT_OBJC_MSGSEND = YES;
				ENABLE_TESTABILITY = YES;
				GCC_C_LANGUAGE_STANDARD = gnu11;
				GCC_DYNAMIC_NO_PIC = NO;
				GCC_NO_COMMON_BLOCKS = YES;
				GCC_OPTIMIZATION_LEVEL = 0;
				GCC_PREPROCESSOR_DEFINITIONS = (
					"DEBUG=1",
					"$(inherited)",
				);
				GCC_WARN_64_TO_32_BIT_CONVERSION = YES;
				GCC_WARN_ABOUT_RETURN_TYPE = YES_ERROR;
				GCC_WARN_UNDECLARED_SELECTOR = YES;
				GCC_WARN_UNINITIALIZED_AUTOS = YES_AGGRESSIVE;
				GCC_WARN_UNUSED_FUNCTION = YES;
				GCC_WARN_UNUSED_VARIABLE = YES;
				IPHONEOS_DEPLOYMENT_TARGET = 12.1;
				MTL_ENABLE_DEBUG_INFO = INCLUDE_SOURCE;
				MTL_FAST_MATH = YES;
				ONLY_ACTIVE_ARCH = YES;
				SDKROOT = iphoneos;
				SWIFT_ACTIVE_COMPILATION_CONDITIONS = DEBUG;
				SWIFT_OPTIMIZATION_LEVEL = "-Onone";
			};
			name = Debug;
		};
		296DF03621FED97F003C8A81 /* Release */ = {
			isa = XCBuildConfiguration;
			buildSettings = {
				ALWAYS_SEARCH_USER_PATHS = NO;
				CLANG_ANALYZER_NONNULL = YES;
				CLANG_ANALYZER_NUMBER_OBJECT_CONVERSION = YES_AGGRESSIVE;
				CLANG_CXX_LANGUAGE_STANDARD = "gnu++14";
				CLANG_CXX_LIBRARY = "libc++";
				CLANG_ENABLE_MODULES = YES;
				CLANG_ENABLE_OBJC_ARC = YES;
				CLANG_ENABLE_OBJC_WEAK = YES;
				CLANG_WARN_BLOCK_CAPTURE_AUTORELEASING = YES;
				CLANG_WARN_BOOL_CONVERSION = YES;
				CLANG_WARN_COMMA = YES;
				CLANG_WARN_CONSTANT_CONVERSION = YES;
				CLANG_WARN_DEPRECATED_OBJC_IMPLEMENTATIONS = YES;
				CLANG_WARN_DIRECT_OBJC_ISA_USAGE = YES_ERROR;
				CLANG_WARN_DOCUMENTATION_COMMENTS = YES;
				CLANG_WARN_EMPTY_BODY = YES;
				CLANG_WARN_ENUM_CONVERSION = YES;
				CLANG_WARN_INFINITE_RECURSION = YES;
				CLANG_WARN_INT_CONVERSION = YES;
				CLANG_WARN_NON_LITERAL_NULL_CONVERSION = YES;
				CLANG_WARN_OBJC_IMPLICIT_RETAIN_SELF = YES;
				CLANG_WARN_OBJC_LITERAL_CONVERSION = YES;
				CLANG_WARN_OBJC_ROOT_CLASS = YES_ERROR;
				CLANG_WARN_RANGE_LOOP_ANALYSIS = YES;
				CLANG_WARN_STRICT_PROTOTYPES = YES;
				CLANG_WARN_SUSPICIOUS_MOVE = YES;
				CLANG_WARN_UNGUARDED_AVAILABILITY = YES_AGGRESSIVE;
				CLANG_WARN_UNREACHABLE_CODE = YES;
				CLANG_WARN__DUPLICATE_METHOD_MATCH = YES;
				CODE_SIGN_IDENTITY = "iPhone Developer";
				COPY_PHASE_STRIP = NO;
				DEBUG_INFORMATION_FORMAT = "dwarf-with-dsym";
				ENABLE_NS_ASSERTIONS = NO;
				ENABLE_STRICT_OBJC_MSGSEND = YES;
				GCC_C_LANGUAGE_STANDARD = gnu11;
				GCC_NO_COMMON_BLOCKS = YES;
				GCC_WARN_64_TO_32_BIT_CONVERSION = YES;
				GCC_WARN_ABOUT_RETURN_TYPE = YES_ERROR;
				GCC_WARN_UNDECLARED_SELECTOR = YES;
				GCC_WARN_UNINITIALIZED_AUTOS = YES_AGGRESSIVE;
				GCC_WARN_UNUSED_FUNCTION = YES;
				GCC_WARN_UNUSED_VARIABLE = YES;
				IPHONEOS_DEPLOYMENT_TARGET = 12.1;
				MTL_ENABLE_DEBUG_INFO = NO;
				MTL_FAST_MATH = YES;
				SDKROOT = iphoneos;
				SWIFT_COMPILATION_MODE = wholemodule;
				SWIFT_OPTIMIZATION_LEVEL = "-O";
				VALIDATE_PRODUCT = YES;
			};
			name = Release;
		};
		296DF03821FED97F003C8A81 /* Debug */ = {
			isa = XCBuildConfiguration;
			baseConfigurationReference = A5B9F74895EEFEA189433518 /* Pods-ARB.debug.xcconfig */;
			buildSettings = {
				ASSETCATALOG_COMPILER_APPICON_NAME = AppIcon;
				CLANG_ENABLE_MODULES = YES;
				CODE_SIGN_STYLE = Automatic;
				DEVELOPMENT_TEAM = CDY4S44M5Q;
				INFOPLIST_FILE = ARB/Info.plist;
				IPHONEOS_DEPLOYMENT_TARGET = 12.1;
				LD_RUNPATH_SEARCH_PATHS = (
					"$(inherited)",
					"@executable_path/Frameworks",
				);
				PRODUCT_BUNDLE_IDENTIFIER = "ARB-FInalYear-Madushan.ARB";
				PRODUCT_NAME = "$(TARGET_NAME)";
				SWIFT_OPTIMIZATION_LEVEL = "-Onone";
				SWIFT_VERSION = 4.2;
				TARGETED_DEVICE_FAMILY = 1;
			};
			name = Debug;
		};
		296DF03921FED97F003C8A81 /* Release */ = {
			isa = XCBuildConfiguration;
			baseConfigurationReference = B91D8C1C46E945C5E3281B85 /* Pods-ARB.release.xcconfig */;
			buildSettings = {
				ASSETCATALOG_COMPILER_APPICON_NAME = AppIcon;
				CLANG_ENABLE_MODULES = YES;
				CODE_SIGN_STYLE = Automatic;
				DEVELOPMENT_TEAM = CDY4S44M5Q;
				INFOPLIST_FILE = ARB/Info.plist;
				IPHONEOS_DEPLOYMENT_TARGET = 12.1;
				LD_RUNPATH_SEARCH_PATHS = (
					"$(inherited)",
					"@executable_path/Frameworks",
				);
				PRODUCT_BUNDLE_IDENTIFIER = "ARB-FInalYear-Madushan.ARB";
				PRODUCT_NAME = "$(TARGET_NAME)";
				SWIFT_VERSION = 4.2;
				TARGETED_DEVICE_FAMILY = 1;
			};
			name = Release;
		};
		296DF03B21FED97F003C8A81 /* Debug */ = {
			isa = XCBuildConfiguration;
			baseConfigurationReference = C111C63F99E18568BD51F08E /* Pods-ARBTests.debug.xcconfig */;
			buildSettings = {
				ALWAYS_EMBED_SWIFT_STANDARD_LIBRARIES = YES;
				BUNDLE_LOADER = "$(TEST_HOST)";
				CODE_SIGN_STYLE = Automatic;
				DEVELOPMENT_TEAM = CDY4S44M5Q;
				INFOPLIST_FILE = ARBTests/Info.plist;
				LD_RUNPATH_SEARCH_PATHS = (
					"$(inherited)",
					"@executable_path/Frameworks",
					"@loader_path/Frameworks",
				);
				PRODUCT_BUNDLE_IDENTIFIER = "ARB-FInalYear-Madushan.ARBTests";
				PRODUCT_NAME = "$(TARGET_NAME)";
				SWIFT_VERSION = 4.2;
				TARGETED_DEVICE_FAMILY = "1,2";
				TEST_HOST = "$(BUILT_PRODUCTS_DIR)/ARB.app/ARB";
			};
			name = Debug;
		};
		296DF03C21FED97F003C8A81 /* Release */ = {
			isa = XCBuildConfiguration;
			baseConfigurationReference = A698F9138759A541D3DFAEBD /* Pods-ARBTests.release.xcconfig */;
			buildSettings = {
				ALWAYS_EMBED_SWIFT_STANDARD_LIBRARIES = YES;
				BUNDLE_LOADER = "$(TEST_HOST)";
				CODE_SIGN_STYLE = Automatic;
				DEVELOPMENT_TEAM = CDY4S44M5Q;
				INFOPLIST_FILE = ARBTests/Info.plist;
				LD_RUNPATH_SEARCH_PATHS = (
					"$(inherited)",
					"@executable_path/Frameworks",
					"@loader_path/Frameworks",
				);
				PRODUCT_BUNDLE_IDENTIFIER = "ARB-FInalYear-Madushan.ARBTests";
				PRODUCT_NAME = "$(TARGET_NAME)";
				SWIFT_VERSION = 4.2;
				TARGETED_DEVICE_FAMILY = "1,2";
				TEST_HOST = "$(BUILT_PRODUCTS_DIR)/ARB.app/ARB";
			};
			name = Release;
		};
		296DF03E21FED97F003C8A81 /* Debug */ = {
			isa = XCBuildConfiguration;
			baseConfigurationReference = 3582A9F83C59C61DB67FBF5A /* Pods-ARBUITests.debug.xcconfig */;
			buildSettings = {
				ALWAYS_EMBED_SWIFT_STANDARD_LIBRARIES = YES;
				CODE_SIGN_STYLE = Automatic;
				DEVELOPMENT_TEAM = CDY4S44M5Q;
				INFOPLIST_FILE = ARBUITests/Info.plist;
				LD_RUNPATH_SEARCH_PATHS = (
					"$(inherited)",
					"@executable_path/Frameworks",
					"@loader_path/Frameworks",
				);
				PRODUCT_BUNDLE_IDENTIFIER = "ARB-FInalYear-Madushan.ARBUITests";
				PRODUCT_NAME = "$(TARGET_NAME)";
				SWIFT_VERSION = 4.2;
				TARGETED_DEVICE_FAMILY = "1,2";
				TEST_TARGET_NAME = ARB;
			};
			name = Debug;
		};
		296DF03F21FED97F003C8A81 /* Release */ = {
			isa = XCBuildConfiguration;
			baseConfigurationReference = BC2F25766F96648877AE2CDA /* Pods-ARBUITests.release.xcconfig */;
			buildSettings = {
				ALWAYS_EMBED_SWIFT_STANDARD_LIBRARIES = YES;
				CODE_SIGN_STYLE = Automatic;
				DEVELOPMENT_TEAM = CDY4S44M5Q;
				INFOPLIST_FILE = ARBUITests/Info.plist;
				LD_RUNPATH_SEARCH_PATHS = (
					"$(inherited)",
					"@executable_path/Frameworks",
					"@loader_path/Frameworks",
				);
				PRODUCT_BUNDLE_IDENTIFIER = "ARB-FInalYear-Madushan.ARBUITests";
				PRODUCT_NAME = "$(TARGET_NAME)";
				SWIFT_VERSION = 4.2;
				TARGETED_DEVICE_FAMILY = "1,2";
				TEST_TARGET_NAME = ARB;
			};
			name = Release;
		};
/* End XCBuildConfiguration section */

/* Begin XCConfigurationList section */
		296DF00821FED97C003C8A81 /* Build configuration list for PBXProject "ARB" */ = {
			isa = XCConfigurationList;
			buildConfigurations = (
				296DF03521FED97F003C8A81 /* Debug */,
				296DF03621FED97F003C8A81 /* Release */,
			);
			defaultConfigurationIsVisible = 0;
			defaultConfigurationName = Release;
		};
		296DF03721FED97F003C8A81 /* Build configuration list for PBXNativeTarget "ARB" */ = {
			isa = XCConfigurationList;
			buildConfigurations = (
				296DF03821FED97F003C8A81 /* Debug */,
				296DF03921FED97F003C8A81 /* Release */,
			);
			defaultConfigurationIsVisible = 0;
			defaultConfigurationName = Release;
		};
		296DF03A21FED97F003C8A81 /* Build configuration list for PBXNativeTarget "ARBTests" */ = {
			isa = XCConfigurationList;
			buildConfigurations = (
				296DF03B21FED97F003C8A81 /* Debug */,
				296DF03C21FED97F003C8A81 /* Release */,
			);
			defaultConfigurationIsVisible = 0;
			defaultConfigurationName = Release;
		};
		296DF03D21FED97F003C8A81 /* Build configuration list for PBXNativeTarget "ARBUITests" */ = {
			isa = XCConfigurationList;
			buildConfigurations = (
				296DF03E21FED97F003C8A81 /* Debug */,
				296DF03F21FED97F003C8A81 /* Release */,
			);
			defaultConfigurationIsVisible = 0;
			defaultConfigurationName = Release;
		};
/* End XCConfigurationList section */
	};
	rootObject = 296DF00521FED97C003C8A81 /* Project object */;
}
